
Microsoft Visual Studio Solution File, Format Version 12.00
# Visual Studio 2013
VisualStudioVersion = 12.0.30723.0
MinimumVisualStudioVersion = 10.0.40219.1
Project("{FAE04EC0-301F-11D3-BF4B-00C04F79EFBC}") = "earthquake", "earthquake\earthquake.csproj", "{3E954B8C-1C84-4D39-9553-2A2DE562469E}"
EndProject
Project("{2150E333-8FDC-42A3-9474-1A3956D46DE8}") = "PublishScripts", "PublishScripts", "{E14C585E-1B71-4FCF-A261-BE8E5D83543E}"
	ProjectSection(SolutionItems) = preProject
		PublishScripts\AzureWebsitePublishModule.psm1 = PublishScripts\AzureWebsitePublishModule.psm1
		PublishScripts\Publish-WebApplicationWebsite.ps1 = PublishScripts\Publish-WebApplicationWebsite.ps1
	EndProjectSection
EndProject
Project("{2150E333-8FDC-42A3-9474-1A3956D46DE8}") = "Configurations", "Configurations", "{5920D522-0054-4F12-A547-A2571F79623E}"
	ProjectSection(SolutionItems) = preProject
		PublishScripts\Configurations\earthquake-WAWS-dev.json = PublishScripts\Configurations\earthquake-WAWS-dev.json
	EndProjectSection
EndProject
Global
	GlobalSection(SolutionConfigurationPlatforms) = preSolution
		Debug|Any CPU = Debug|Any CPU
		Release|Any CPU = Release|Any CPU
	EndGlobalSection
	GlobalSection(ProjectConfigurationPlatforms) = postSolution
		{3E954B8C-1C84-4D39-9553-2A2DE562469E}.Debug|Any CPU.ActiveCfg = Debug|Any CPU
		{3E954B8C-1C84-4D39-9553-2A2DE562469E}.Debug|Any CPU.Build.0 = Debug|Any CPU
		{3E954B8C-1C84-4D39-9553-2A2DE562469E}.Release|Any CPU.ActiveCfg = Release|Any CPU
		{3E954B8C-1C84-4D39-9553-2A2DE562469E}.Release|Any CPU.Build.0 = Release|Any CPU
	EndGlobalSection
	GlobalSection(SolutionProperties) = preSolution
		HideSolutionNode = FALSE
	EndGlobalSection
	GlobalSection(NestedProjects) = preSolution
		{5920D522-0054-4F12-A547-A2571F79623E} = {E14C585E-1B71-4FCF-A261-BE8E5D83543E}
	EndGlobalSection
EndGlobal
